
Microsoft Visual Studio Solution File, Format Version 12.00
# Visual Studio 2012
Project("{FAE04EC0-301F-11D3-BF4B-00C04F79EFBC}") = "MiniProfiler.NHibernate", "MiniProfiler.NHibernate\MiniProfiler.NHibernate.csproj", "{820AFF68-9132-4021-8A46-4C2741D725E3}"
EndProject
Global
	GlobalSection(SolutionConfigurationPlatforms) = preSolution
		Debug|Any CPU = Debug|Any CPU
		Release|Any CPU = Release|Any CPU
	EndGlobalSection
	GlobalSection(ProjectConfigurationPlatforms) = postSolution
		{820AFF68-9132-4021-8A46-4C2741D725E3}.Debug|Any CPU.ActiveCfg = Debug|Any CPU
		{820AFF68-9132-4021-8A46-4C2741D725E3}.Debug|Any CPU.Build.0 = Debug|Any CPU
		{820AFF68-9132-4021-8A46-4C2741D725E3}.Release|Any CPU.ActiveCfg = Release|Any CPU
		{820AFF68-9132-4021-8A46-4C2741D725E3}.Release|Any CPU.Build.0 = Release|Any CPU
	EndGlobalSection
	GlobalSection(SolutionProperties) = preSolution
		HideSolutionNode = FALSE
	EndGlobalSection
EndGlobal
